
Microsoft Visual Studio Solution File, Format Version 12.00
# Visual Studio Version 17
VisualStudioVersion = 17.11.35327.3
MinimumVisualStudioVersion = 10.0.40219.1
Project("{FAE04EC0-301F-11D3-BF4B-00C04F79EFBC}") = "Multiple Inheritance with Interfaces", "Multiple Inheritance with Interfaces\Multiple Inheritance with Interfaces.csproj", "{2DCA845F-4101-454D-82E9-8430C59BDFF4}"
EndProject
Global
	GlobalSection(SolutionConfigurationPlatforms) = preSolution
		Debug|Any CPU = Debug|Any CPU
		Release|Any CPU = Release|Any CPU
	EndGlobalSection
	GlobalSection(ProjectConfigurationPlatforms) = postSolution
		{2DCA845F-4101-454D-82E9-8430C59BDFF4}.Debug|Any CPU.ActiveCfg = Debug|Any CPU
		{2DCA845F-4101-454D-82E9-8430C59BDFF4}.Debug|Any CPU.Build.0 = Debug|Any CPU
		{2DCA845F-4101-454D-82E9-8430C59BDFF4}.Release|Any CPU.ActiveCfg = Release|Any CPU
		{2DCA845F-4101-454D-82E9-8430C59BDFF4}.Release|Any CPU.Build.0 = Release|Any CPU
	EndGlobalSection
	GlobalSection(SolutionProperties) = preSolution
		HideSolutionNode = FALSE
	EndGlobalSection
	GlobalSection(ExtensibilityGlobals) = postSolution
		SolutionGuid = {8ADE87CF-8727-4120-A52E-DD1553BFFC80}
	EndGlobalSection
EndGlobal
