
Microsoft Visual Studio Solution File, Format Version 12.00
# Visual Studio Version 17
VisualStudioVersion = 17.11.35327.3
MinimumVisualStudioVersion = 10.0.40219.1
Project("{9A19103F-16F7-4668-BE54-9A1E7A4F7556}") = "Builder", "Builder.csproj", "{654D3BC5-1279-4B90-9825-92A67B07B8FB}"
EndProject
Project("{9A19103F-16F7-4668-BE54-9A1E7A4F7556}") = "Fluent Builder Inheritance", "Fluent Builder Inheritance\Fluent Builder Inheritance.csproj", "{8575C833-CDEF-4E66-8FA7-CE3CE5EF5DA1}"
EndProject
Project("{FAE04EC0-301F-11D3-BF4B-00C04F79EFBC}") = "Stepwise Builder", "Stepwise Builder\Stepwise Builder.csproj", "{9339038A-D097-4A4C-A4E3-6A77BE116C53}"
EndProject
Project("{FAE04EC0-301F-11D3-BF4B-00C04F79EFBC}") = "Functional Builder", "Functional Builder\Functional Builder.csproj", "{0EAAC47D-170F-4BE1-ADD1-7E5A27277F6D}"
EndProject
Project("{FAE04EC0-301F-11D3-BF4B-00C04F79EFBC}") = "Faceted Builder", "Faceted Builder\Faceted Builder.csproj", "{133FEB38-F6F8-42E4-8DFD-B369ED1C7263}"
EndProject
Global
	GlobalSection(SolutionConfigurationPlatforms) = preSolution
		Debug|Any CPU = Debug|Any CPU
		Release|Any CPU = Release|Any CPU
	EndGlobalSection
	GlobalSection(ProjectConfigurationPlatforms) = postSolution
		{654D3BC5-1279-4B90-9825-92A67B07B8FB}.Debug|Any CPU.ActiveCfg = Debug|Any CPU
		{654D3BC5-1279-4B90-9825-92A67B07B8FB}.Debug|Any CPU.Build.0 = Debug|Any CPU
		{654D3BC5-1279-4B90-9825-92A67B07B8FB}.Release|Any CPU.ActiveCfg = Release|Any CPU
		{654D3BC5-1279-4B90-9825-92A67B07B8FB}.Release|Any CPU.Build.0 = Release|Any CPU
		{8575C833-CDEF-4E66-8FA7-CE3CE5EF5DA1}.Debug|Any CPU.ActiveCfg = Debug|Any CPU
		{8575C833-CDEF-4E66-8FA7-CE3CE5EF5DA1}.Debug|Any CPU.Build.0 = Debug|Any CPU
		{8575C833-CDEF-4E66-8FA7-CE3CE5EF5DA1}.Release|Any CPU.ActiveCfg = Release|Any CPU
		{8575C833-CDEF-4E66-8FA7-CE3CE5EF5DA1}.Release|Any CPU.Build.0 = Release|Any CPU
		{9339038A-D097-4A4C-A4E3-6A77BE116C53}.Debug|Any CPU.ActiveCfg = Debug|Any CPU
		{9339038A-D097-4A4C-A4E3-6A77BE116C53}.Debug|Any CPU.Build.0 = Debug|Any CPU
		{9339038A-D097-4A4C-A4E3-6A77BE116C53}.Release|Any CPU.ActiveCfg = Release|Any CPU
		{9339038A-D097-4A4C-A4E3-6A77BE116C53}.Release|Any CPU.Build.0 = Release|Any CPU
		{0EAAC47D-170F-4BE1-ADD1-7E5A27277F6D}.Debug|Any CPU.ActiveCfg = Debug|Any CPU
		{0EAAC47D-170F-4BE1-ADD1-7E5A27277F6D}.Debug|Any CPU.Build.0 = Debug|Any CPU
		{0EAAC47D-170F-4BE1-ADD1-7E5A27277F6D}.Release|Any CPU.ActiveCfg = Release|Any CPU
		{0EAAC47D-170F-4BE1-ADD1-7E5A27277F6D}.Release|Any CPU.Build.0 = Release|Any CPU
		{133FEB38-F6F8-42E4-8DFD-B369ED1C7263}.Debug|Any CPU.ActiveCfg = Debug|Any CPU
		{133FEB38-F6F8-42E4-8DFD-B369ED1C7263}.Debug|Any CPU.Build.0 = Debug|Any CPU
		{133FEB38-F6F8-42E4-8DFD-B369ED1C7263}.Release|Any CPU.ActiveCfg = Release|Any CPU
		{133FEB38-F6F8-42E4-8DFD-B369ED1C7263}.Release|Any CPU.Build.0 = Release|Any CPU
	EndGlobalSection
	GlobalSection(SolutionProperties) = preSolution
		HideSolutionNode = FALSE
	EndGlobalSection
	GlobalSection(ExtensibilityGlobals) = postSolution
		SolutionGuid = {E129238A-F79E-4C42-973C-61697E9450B4}
	EndGlobalSection
EndGlobal
